
Microsoft Visual Studio Solution File, Format Version 12.00
# Visual Studio Version 16
VisualStudioVersion = 16.0.29409.12
MinimumVisualStudioVersion = 10.0.40219.1
Project("{2150E333-8FDC-42A3-9474-1A3956D46DE8}") = "src", "src", "{F4B6A0B2-5951-43B1-AD23-1E96E0D4C078}"
EndProject
Project("{2150E333-8FDC-42A3-9474-1A3956D46DE8}") = "docs", "docs", "{F45F626B-70B6-4E72-B600-FFC5795B2E03}"
EndProject
Project("{2150E333-8FDC-42A3-9474-1A3956D46DE8}") = "tests", "tests", "{C94C6D75-68FC-4024-A1E0-A594F8ADF9DB}"
EndProject
Project("{2150E333-8FDC-42A3-9474-1A3956D46DE8}") = "01 Core", "01 Core", "{29794481-5CB9-49D8-A3CF-FB2DE65370E2}"
EndProject
Project("{2150E333-8FDC-42A3-9474-1A3956D46DE8}") = "02 InfraStructures", "02 InfraStructures", "{8DCF636B-77DA-47C2-A866-C7F235956E20}"
EndProject
Project("{2150E333-8FDC-42A3-9474-1A3956D46DE8}") = "03 EndPoints", "03 EndPoints", "{1BBF8D8B-FE97-4109-A936-0EC97B6C199C}"
EndProject
Project("{9A19103F-16F7-4668-BE54-9A1E7A4F7556}") = "TakeCourses.Core.Entities", "TakeCourses.Core.Entities\TakeCourses.Core.Entities.csproj", "{9E8A82D7-BB63-48D6-B54F-F18EEEEE6F07}"
EndProject
Project("{9A19103F-16F7-4668-BE54-9A1E7A4F7556}") = "TakeCourses.Core.Contracts", "TakeCourses.Core.Contracts\TakeCourses.Core.Contracts.csproj", "{F43A5D88-E9CE-48A5-8BEA-97F588E81343}"
EndProject
Project("{9A19103F-16F7-4668-BE54-9A1E7A4F7556}") = "TakeCourses.Core.Services", "TakeCourses.Core.Services\TakeCourses.Core.Services.csproj", "{800C1EA9-C303-436A-9A94-52E2C7EC43D2}"
EndProject
Project("{2150E333-8FDC-42A3-9474-1A3956D46DE8}") = "DAL", "DAL", "{3D52FF69-16BE-479E-AA0D-43BBF22921A1}"
EndProject
Project("{9A19103F-16F7-4668-BE54-9A1E7A4F7556}") = "TakeCourses.Core.InfraStructures.DAL.SQL", "TakeCourses.Core.InfraStructures\TakeCourses.Core.InfraStructures.DAL.SQL.csproj", "{A1A7E4A7-EDD1-4438-BE95-180F933367C3}"
EndProject
Project("{9A19103F-16F7-4668-BE54-9A1E7A4F7556}") = "TakeCourses.Core.InfraStructures.Tools", "TakeCourses.Core.InfraStructures.Tools\TakeCourses.Core.InfraStructures.Tools.csproj", "{8138A411-66FD-4E0B-BAE4-1FBA5AEAAC57}"
EndProject
Project("{2150E333-8FDC-42A3-9474-1A3956D46DE8}") = "WebServices", "WebServices", "{A6209F32-B9C2-4BAA-AC3E-09F394EBD957}"
EndProject
Project("{9A19103F-16F7-4668-BE54-9A1E7A4F7556}") = "TakeCourses.EndPoints.WebApi", "TakeCourses.Core.EndPoints.WebApi\TakeCourses.EndPoints.WebApi.csproj", "{1181EE50-A36D-43E6-A51F-90896D138FE4}"
EndProject
Project("{FAE04EC0-301F-11D3-BF4B-00C04F79EFBC}") = "TakeCourses.EndPoints.MvcUI", "TakeCourses.EndPoints.MvcUI\TakeCourses.EndPoints.MvcUI.csproj", "{8D23A5BB-3CAC-47B2-ADBC-60606808BD10}"
EndProject
Global
	GlobalSection(SolutionConfigurationPlatforms) = preSolution
		Debug|Any CPU = Debug|Any CPU
		Release|Any CPU = Release|Any CPU
	EndGlobalSection
	GlobalSection(ProjectConfigurationPlatforms) = postSolution
		{9E8A82D7-BB63-48D6-B54F-F18EEEEE6F07}.Debug|Any CPU.ActiveCfg = Debug|Any CPU
		{9E8A82D7-BB63-48D6-B54F-F18EEEEE6F07}.Debug|Any CPU.Build.0 = Debug|Any CPU
		{9E8A82D7-BB63-48D6-B54F-F18EEEEE6F07}.Release|Any CPU.ActiveCfg = Release|Any CPU
		{9E8A82D7-BB63-48D6-B54F-F18EEEEE6F07}.Release|Any CPU.Build.0 = Release|Any CPU
		{F43A5D88-E9CE-48A5-8BEA-97F588E81343}.Debug|Any CPU.ActiveCfg = Debug|Any CPU
		{F43A5D88-E9CE-48A5-8BEA-97F588E81343}.Debug|Any CPU.Build.0 = Debug|Any CPU
		{F43A5D88-E9CE-48A5-8BEA-97F588E81343}.Release|Any CPU.ActiveCfg = Release|Any CPU
		{F43A5D88-E9CE-48A5-8BEA-97F588E81343}.Release|Any CPU.Build.0 = Release|Any CPU
		{800C1EA9-C303-436A-9A94-52E2C7EC43D2}.Debug|Any CPU.ActiveCfg = Debug|Any CPU
		{800C1EA9-C303-436A-9A94-52E2C7EC43D2}.Debug|Any CPU.Build.0 = Debug|Any CPU
		{800C1EA9-C303-436A-9A94-52E2C7EC43D2}.Release|Any CPU.ActiveCfg = Release|Any CPU
		{800C1EA9-C303-436A-9A94-52E2C7EC43D2}.Release|Any CPU.Build.0 = Release|Any CPU
		{A1A7E4A7-EDD1-4438-BE95-180F933367C3}.Debug|Any CPU.ActiveCfg = Debug|Any CPU
		{A1A7E4A7-EDD1-4438-BE95-180F933367C3}.Debug|Any CPU.Build.0 = Debug|Any CPU
		{A1A7E4A7-EDD1-4438-BE95-180F933367C3}.Release|Any CPU.ActiveCfg = Release|Any CPU
		{A1A7E4A7-EDD1-4438-BE95-180F933367C3}.Release|Any CPU.Build.0 = Release|Any CPU
		{8138A411-66FD-4E0B-BAE4-1FBA5AEAAC57}.Debug|Any CPU.ActiveCfg = Debug|Any CPU
		{8138A411-66FD-4E0B-BAE4-1FBA5AEAAC57}.Debug|Any CPU.Build.0 = Debug|Any CPU
		{8138A411-66FD-4E0B-BAE4-1FBA5AEAAC57}.Release|Any CPU.ActiveCfg = Release|Any CPU
		{8138A411-66FD-4E0B-BAE4-1FBA5AEAAC57}.Release|Any CPU.Build.0 = Release|Any CPU
		{1181EE50-A36D-43E6-A51F-90896D138FE4}.Debug|Any CPU.ActiveCfg = Debug|Any CPU
		{1181EE50-A36D-43E6-A51F-90896D138FE4}.Debug|Any CPU.Build.0 = Debug|Any CPU
		{1181EE50-A36D-43E6-A51F-90896D138FE4}.Release|Any CPU.ActiveCfg = Release|Any CPU
		{1181EE50-A36D-43E6-A51F-90896D138FE4}.Release|Any CPU.Build.0 = Release|Any CPU
		{8D23A5BB-3CAC-47B2-ADBC-60606808BD10}.Debug|Any CPU.ActiveCfg = Debug|Any CPU
		{8D23A5BB-3CAC-47B2-ADBC-60606808BD10}.Debug|Any CPU.Build.0 = Debug|Any CPU
		{8D23A5BB-3CAC-47B2-ADBC-60606808BD10}.Release|Any CPU.ActiveCfg = Release|Any CPU
		{8D23A5BB-3CAC-47B2-ADBC-60606808BD10}.Release|Any CPU.Build.0 = Release|Any CPU
	EndGlobalSection
	GlobalSection(SolutionProperties) = preSolution
		HideSolutionNode = FALSE
	EndGlobalSection
	GlobalSection(NestedProjects) = preSolution
		{29794481-5CB9-49D8-A3CF-FB2DE65370E2} = {F4B6A0B2-5951-43B1-AD23-1E96E0D4C078}
		{8DCF636B-77DA-47C2-A866-C7F235956E20} = {F4B6A0B2-5951-43B1-AD23-1E96E0D4C078}
		{1BBF8D8B-FE97-4109-A936-0EC97B6C199C} = {F4B6A0B2-5951-43B1-AD23-1E96E0D4C078}
		{9E8A82D7-BB63-48D6-B54F-F18EEEEE6F07} = {29794481-5CB9-49D8-A3CF-FB2DE65370E2}
		{F43A5D88-E9CE-48A5-8BEA-97F588E81343} = {29794481-5CB9-49D8-A3CF-FB2DE65370E2}
		{800C1EA9-C303-436A-9A94-52E2C7EC43D2} = {29794481-5CB9-49D8-A3CF-FB2DE65370E2}
		{3D52FF69-16BE-479E-AA0D-43BBF22921A1} = {8DCF636B-77DA-47C2-A866-C7F235956E20}
		{A1A7E4A7-EDD1-4438-BE95-180F933367C3} = {3D52FF69-16BE-479E-AA0D-43BBF22921A1}
		{8138A411-66FD-4E0B-BAE4-1FBA5AEAAC57} = {8DCF636B-77DA-47C2-A866-C7F235956E20}
		{A6209F32-B9C2-4BAA-AC3E-09F394EBD957} = {8DCF636B-77DA-47C2-A866-C7F235956E20}
		{1181EE50-A36D-43E6-A51F-90896D138FE4} = {1BBF8D8B-FE97-4109-A936-0EC97B6C199C}
		{8D23A5BB-3CAC-47B2-ADBC-60606808BD10} = {1BBF8D8B-FE97-4109-A936-0EC97B6C199C}
	EndGlobalSection
	GlobalSection(ExtensibilityGlobals) = postSolution
		SolutionGuid = {2E3013D9-4EA9-45DC-9BAA-881A09142A0B}
	EndGlobalSection
EndGlobal
